// !$*UTF8*$!
{
	archiveVersion = 1;
	classes = {
	};
	objectVersion = 70;
	objects = {

/* Begin PBXBuildFile section */
		DBF3373A2C669D8C00BD2ED7 /* ARAction.swift in Sources */ = {isa = PBXBuildFile; fileRef = DBF337392C669D8C00BD2ED7 /* ARAction.swift */; };
/* End PBXBuildFile section */

/* Begin PBXContainerItemProxy section */
		DBE4C17D2C66890000FAA6AC /* PBXContainerItemProxy */ = {
			isa = PBXContainerItemProxy;
			containerPortal = DBE4C1642C6688FE00FAA6AC /* Project object */;
			proxyType = 1;
			remoteGlobalIDString = DBE4C16B2C6688FE00FAA6AC;
			remoteInfo = ARKit_discovery;
		};
		DBE4C1872C66890000FAA6AC /* PBXContainerItemProxy */ = {
			isa = PBXContainerItemProxy;
			containerPortal = DBE4C1642C6688FE00FAA6AC /* Project object */;
			proxyType = 1;
			remoteGlobalIDString = DBE4C16B2C6688FE00FAA6AC;
			remoteInfo = ARKit_discovery;
		};
/* End PBXContainerItemProxy section */

/* Begin PBXFileReference section */
		DBE4C16C2C6688FE00FAA6AC /* ARKit_discovery.app */ = {isa = PBXFileReference; explicitFileType = wrapper.application; includeInIndex = 0; path = ARKit_discovery.app; sourceTree = BUILT_PRODUCTS_DIR; };
		DBE4C17C2C66890000FAA6AC /* ARKit_discoveryTests.xctest */ = {isa = PBXFileReference; explicitFileType = wrapper.cfbundle; includeInIndex = 0; path = ARKit_discoveryTests.xctest; sourceTree = BUILT_PRODUCTS_DIR; };
		DBE4C1862C66890000FAA6AC /* ARKit_discoveryUITests.xctest */ = {isa = PBXFileReference; explicitFileType = wrapper.cfbundle; includeInIndex = 0; path = ARKit_discoveryUITests.xctest; sourceTree = BUILT_PRODUCTS_DIR; };
		DBF337392C669D8C00BD2ED7 /* ARAction.swift */ = {isa = PBXFileReference; lastKnownFileType = sourcecode.swift; name = ARAction.swift; path = "ARKit_discovery/Feature Targets/ARAction.swift"; sourceTree = "<group>"; };
/* End PBXFileReference section */

/* Begin PBXFileSystemSynchronizedRootGroup section */
		DBE4C16E2C6688FE00FAA6AC /* ARKit_discovery */ = {isa = PBXFileSystemSynchronizedRootGroup; explicitFileTypes = {}; explicitFolders = (); path = ARKit_discovery; sourceTree = "<group>"; };
		DBE4C17F2C66890000FAA6AC /* ARKit_discoveryTests */ = {isa = PBXFileSystemSynchronizedRootGroup; explicitFileTypes = {}; explicitFolders = (); path = ARKit_discoveryTests; sourceTree = "<group>"; };
		DBE4C1892C66890000FAA6AC /* ARKit_discoveryUITests */ = {isa = PBXFileSystemSynchronizedRootGroup; explicitFileTypes = {}; explicitFolders = (); path = ARKit_discoveryUITests; sourceTree = "<group>"; };
/* End PBXFileSystemSynchronizedRootGroup section */

/* Begin PBXFrameworksBuildPhase section */
		DBE4C1692C6688FE00FAA6AC /* Frameworks */ = {
			isa = PBXFrameworksBuildPhase;
			buildActionMask = 2147483647;
			files = (
			);
			runOnlyForDeploymentPostprocessing = 0;
		};
		DBE4C1792C66890000FAA6AC /* Frameworks */ = {
			isa = PBXFrameworksBuildPhase;
			buildActionMask = 2147483647;
			files = (
			);
			runOnlyForDeploymentPostprocessing = 0;
		};
		DBE4C1832C66890000FAA6AC /* Frameworks */ = {
			isa = PBXFrameworksBuildPhase;
			buildActionMask = 2147483647;
			files = (
			);
			runOnlyForDeploymentPostprocessing = 0;
		};
/* End PBXFrameworksBuildPhase section */

/* Begin PBXGroup section */
		DBE4C1632C6688FE00FAA6AC = {
			isa = PBXGroup;
			children = (
				DBF337392C669D8C00BD2ED7 /* ARAction.swift */,
				DBE4C16E2C6688FE00FAA6AC /* ARKit_discovery */,
				DBE4C17F2C66890000FAA6AC /* ARKit_discoveryTests */,
				DBE4C1892C66890000FAA6AC /* ARKit_discoveryUITests */,
				DBE4C16D2C6688FE00FAA6AC /* Products */,
			);
			sourceTree = "<group>";
		};
		DBE4C16D2C6688FE00FAA6AC /* Products */ = {
			isa = PBXGroup;
			children = (
				DBE4C16C2C6688FE00FAA6AC /* ARKit_discovery.app */,
				DBE4C17C2C66890000FAA6AC /* ARKit_discoveryTests.xctest */,
				DBE4C1862C66890000FAA6AC /* ARKit_discoveryUITests.xctest */,
			);
			name = Products;
			sourceTree = "<group>";
		};
/* End PBXGroup section */

/* Begin PBXNativeTarget section */
		DBE4C16B2C6688FE00FAA6AC /* ARKit_discovery */ = {
			isa = PBXNativeTarget;
			buildConfigurationList = DBE4C1902C66890000FAA6AC /* Build configuration list for PBXNativeTarget "ARKit_discovery" */;
			buildPhases = (
				DBE4C1682C6688FE00FAA6AC /* Sources */,
				DBE4C1692C6688FE00FAA6AC /* Frameworks */,
				DBE4C16A2C6688FE00FAA6AC /* Resources */,
			);
			buildRules = (
			);
			dependencies = (
			);
			fileSystemSynchronizedGroups = (
				DBE4C16E2C6688FE00FAA6AC /* ARKit_discovery */,
			);
			name = ARKit_discovery;
			packageProductDependencies = (
			);
			productName = ARKit_discovery;
			productReference = DBE4C16C2C6688FE00FAA6AC /* ARKit_discovery.app */;
			productType = "com.apple.product-type.application";
		};
		DBE4C17B2C66890000FAA6AC /* ARKit_discoveryTests */ = {
			isa = PBXNativeTarget;
			buildConfigurationList = DBE4C1932C66890000FAA6AC /* Build configuration list for PBXNativeTarget "ARKit_discoveryTests" */;
			buildPhases = (
				DBE4C1782C66890000FAA6AC /* Sources */,
				DBE4C1792C66890000FAA6AC /* Frameworks */,
				DBE4C17A2C66890000FAA6AC /* Resources */,
			);
			buildRules = (
			);
			dependencies = (
				DBE4C17E2C66890000FAA6AC /* PBXTargetDependency */,
			);
			fileSystemSynchronizedGroups = (
				DBE4C17F2C66890000FAA6AC /* ARKit_discoveryTests */,
			);
			name = ARKit_discoveryTests;
			packageProductDependencies = (
			);
			productName = ARKit_discoveryTests;
			productReference = DBE4C17C2C66890000FAA6AC /* ARKit_discoveryTests.xctest */;
			productType = "com.apple.product-type.bundle.unit-test";
		};
		DBE4C1852C66890000FAA6AC /* ARKit_discoveryUITests */ = {
			isa = PBXNativeTarget;
			buildConfigurationList = DBE4C1962C66890000FAA6AC /* Build configuration list for PBXNativeTarget "ARKit_discoveryUITests" */;
			buildPhases = (
				DBE4C1822C66890000FAA6AC /* Sources */,
				DBE4C1832C66890000FAA6AC /* Frameworks */,
				DBE4C1842C66890000FAA6AC /* Resources */,
			);
			buildRules = (
			);
			dependencies = (
				DBE4C1882C66890000FAA6AC /* PBXTargetDependency */,
			);
			fileSystemSynchronizedGroups = (
				DBE4C1892C66890000FAA6AC /* ARKit_discoveryUITests */,
			);
			name = ARKit_discoveryUITests;
			packageProductDependencies = (
			);
			productName = ARKit_discoveryUITests;
			productReference = DBE4C1862C66890000FAA6AC /* ARKit_discoveryUITests.xctest */;
			productType = "com.apple.product-type.bundle.ui-testing";
		};
/* End PBXNativeTarget section */

/* Begin PBXProject section */
		DBE4C1642C6688FE00FAA6AC /* Project object */ = {
			isa = PBXProject;
			attributes = {
				BuildIndependentTargetsInParallel = 1;
				LastSwiftUpdateCheck = 1600;
				LastUpgradeCheck = 1600;
				TargetAttributes = {
					DBE4C16B2C6688FE00FAA6AC = {
						CreatedOnToolsVersion = 16.0;
					};
					DBE4C17B2C66890000FAA6AC = {
						CreatedOnToolsVersion = 16.0;
						TestTargetID = DBE4C16B2C6688FE00FAA6AC;
					};
					DBE4C1852C66890000FAA6AC = {
						CreatedOnToolsVersion = 16.0;
						TestTargetID = DBE4C16B2C6688FE00FAA6AC;
					};
				};
			};
			buildConfigurationList = DBE4C1672C6688FE00FAA6AC /* Build configuration list for PBXProject "ARKit_discovery" */;
			compatibilityVersion = "Xcode 15.0";
			developmentRegion = en;
			hasScannedForEncodings = 0;
			knownRegions = (
				en,
				Base,
			);
			mainGroup = DBE4C1632C6688FE00FAA6AC;
			productRefGroup = DBE4C16D2C6688FE00FAA6AC /* Products */;
			projectDirPath = "";
			projectRoot = "";
			targets = (
				DBE4C16B2C6688FE00FAA6AC /* ARKit_discovery */,
				DBE4C17B2C66890000FAA6AC /* ARKit_discoveryTests */,
				DBE4C1852C66890000FAA6AC /* ARKit_discoveryUITests */,
			);
		};
/* End PBXProject section */

/* Begin PBXResourcesBuildPhase section */
		DBE4C16A2C6688FE00FAA6AC /* Resources */ = {
			isa = PBXResourcesBuildPhase;
			buildActionMask = 2147483647;
			files = (
			);
			runOnlyForDeploymentPostprocessing = 0;
		};
		DBE4C17A2C66890000FAA6AC /* Resources */ = {
			isa = PBXResourcesBuildPhase;
			buildActionMask = 2147483647;
			files = (
			);
			runOnlyForDeploymentPostprocessing = 0;
		};
		DBE4C1842C66890000FAA6AC /* Resources */ = {
			isa = PBXResourcesBuildPhase;
			buildActionMask = 2147483647;
			files = (
			);
			runOnlyForDeploymentPostprocessing = 0;
		};
/* End PBXResourcesBuildPhase section */

/* Begin PBXSourcesBuildPhase section */
		DBE4C1682C6688FE00FAA6AC /* Sources */ = {
			isa = PBXSourcesBuildPhase;
			buildActionMask = 2147483647;
			files = (
				DBF3373A2C669D8C00BD2ED7 /* ARAction.swift in Sources */,
			);
			runOnlyForDeploymentPostprocessing = 0;
		};
		DBE4C1782C66890000FAA6AC /* Sources */ = {
			isa = PBXSourcesBuildPhase;
			buildActionMask = 2147483647;
			files = (
			);
			runOnlyForDeploymentPostprocessing = 0;
		};
		DBE4C1822C66890000FAA6AC /* Sources */ = {
			isa = PBXSourcesBuildPhase;
			buildActionMask = 2147483647;
			files = (
			);
			runOnlyForDeploymentPostprocessing = 0;
		};
/* End PBXSourcesBuildPhase section */

/* Begin PBXTargetDependency section */
		DBE4C17E2C66890000FAA6AC /* PBXTargetDependency */ = {
			isa = PBXTargetDependency;
			target = DBE4C16B2C6688FE00FAA6AC /* ARKit_discovery */;
			targetProxy = DBE4C17D2C66890000FAA6AC /* PBXContainerItemProxy */;
		};
		DBE4C1882C66890000FAA6AC /* PBXTargetDependency */ = {
			isa = PBXTargetDependency;
			target = DBE4C16B2C6688FE00FAA6AC /* ARKit_discovery */;
			targetProxy = DBE4C1872C66890000FAA6AC /* PBXContainerItemProxy */;
		};
/* End PBXTargetDependency section */

/* Begin XCBuildConfiguration section */
		DBE4C18E2C66890000FAA6AC /* Debug */ = {
			isa = XCBuildConfiguration;
			buildSettings = {
				ALWAYS_SEARCH_USER_PATHS = NO;
				ASSETCATALOG_COMPILER_GENERATE_SWIFT_ASSET_SYMBOL_EXTENSIONS = YES;
				CLANG_ANALYZER_NONNULL = YES;
				CLANG_ANALYZER_NUMBER_OBJECT_CONVERSION = YES_AGGRESSIVE;
				CLANG_CXX_LANGUAGE_STANDARD = "gnu++20";
				CLANG_ENABLE_MODULES = YES;
				CLANG_ENABLE_OBJC_ARC = YES;
				CLANG_ENABLE_OBJC_WEAK = YES;
				CLANG_WARN_BLOCK_CAPTURE_AUTORELEASING = YES;
				CLANG_WARN_BOOL_CONVERSION = YES;
				CLANG_WARN_COMMA = YES;
				CLANG_WARN_CONSTANT_CONVERSION = YES;
				CLANG_WARN_DEPRECATED_OBJC_IMPLEMENTATIONS = YES;
				CLANG_WARN_DIRECT_OBJC_ISA_USAGE = YES_ERROR;
				CLANG_WARN_DOCUMENTATION_COMMENTS = YES;
				CLANG_WARN_EMPTY_BODY = YES;
				CLANG_WARN_ENUM_CONVERSION = YES;
				CLANG_WARN_INFINITE_RECURSION = YES;
				CLANG_WARN_INT_CONVERSION = YES;
				CLANG_WARN_NON_LITERAL_NULL_CONVERSION = YES;
				CLANG_WARN_OBJC_IMPLICIT_RETAIN_SELF = YES;
				CLANG_WARN_OBJC_LITERAL_CONVERSION = YES;
				CLANG_WARN_OBJC_ROOT_CLASS = YES_ERROR;
				CLANG_WARN_QUOTED_INCLUDE_IN_FRAMEWORK_HEADER = YES;
				CLANG_WARN_RANGE_LOOP_ANALYSIS = YES;
				CLANG_WARN_STRICT_PROTOTYPES = YES;
				CLANG_WARN_SUSPICIOUS_MOVE = YES;
				CLANG_WARN_UNGUARDED_AVAILABILITY = YES_AGGRESSIVE;
				CLANG_WARN_UNREACHABLE_CODE = YES;
				CLANG_WARN__DUPLICATE_METHOD_MATCH = YES;
				COPY_PHASE_STRIP = NO;
				DEBUG_INFORMATION_FORMAT = dwarf;
				ENABLE_STRICT_OBJC_MSGSEND = YES;
				ENABLE_TESTABILITY = YES;
				ENABLE_USER_SCRIPT_SANDBOXING = YES;
				GCC_C_LANGUAGE_STANDARD = gnu17;
				GCC_DYNAMIC_NO_PIC = NO;
				GCC_NO_COMMON_BLOCKS = YES;
				GCC_OPTIMIZATION_LEVEL = 0;
				GCC_PREPROCESSOR_DEFINITIONS = (
					"DEBUG=1",
					"$(inherited)",
				);
				GCC_WARN_64_TO_32_BIT_CONVERSION = YES;
				GCC_WARN_ABOUT_RETURN_TYPE = YES_ERROR;
				GCC_WARN_UNDECLARED_SELECTOR = YES;
				GCC_WARN_UNINITIALIZED_AUTOS = YES_AGGRESSIVE;
				GCC_WARN_UNUSED_FUNCTION = YES;
				GCC_WARN_UNUSED_VARIABLE = YES;
				IPHONEOS_DEPLOYMENT_TARGET = 18.0;
				LOCALIZATION_PREFERS_STRING_CATALOGS = YES;
				MTL_ENABLE_DEBUG_INFO = INCLUDE_SOURCE;
				MTL_FAST_MATH = YES;
				ONLY_ACTIVE_ARCH = YES;
				SDKROOT = iphoneos;
				SWIFT_ACTIVE_COMPILATION_CONDITIONS = "DEBUG $(inherited)";
				SWIFT_OPTIMIZATION_LEVEL = "-Onone";
			};
			name = Debug;
		};
		DBE4C18F2C66890000FAA6AC /* Release */ = {
			isa = XCBuildConfiguration;
			buildSettings = {
				ALWAYS_SEARCH_USER_PATHS = NO;
				ASSETCATALOG_COMPILER_GENERATE_SWIFT_ASSET_SYMBOL_EXTENSIONS = YES;
				CLANG_ANALYZER_NONNULL = YES;
				CLANG_ANALYZER_NUMBER_OBJECT_CONVERSION = YES_AGGRESSIVE;
				CLANG_CXX_LANGUAGE_STANDARD = "gnu++20";
				CLANG_ENABLE_MODULES = YES;
				CLANG_ENABLE_OBJC_ARC = YES;
				CLANG_ENABLE_OBJC_WEAK = YES;
				CLANG_WARN_BLOCK_CAPTURE_AUTORELEASING = YES;
				CLANG_WARN_BOOL_CONVERSION = YES;
				CLANG_WARN_COMMA = YES;
				CLANG_WARN_CONSTANT_CONVERSION = YES;
				CLANG_WARN_DEPRECATED_OBJC_IMPLEMENTATIONS = YES;
				CLANG_WARN_DIRECT_OBJC_ISA_USAGE = YES_ERROR;
				CLANG_WARN_DOCUMENTATION_COMMENTS = YES;
				CLANG_WARN_EMPTY_BODY = YES;
				CLANG_WARN_ENUM_CONVERSION = YES;
				CLANG_WARN_INFINITE_RECURSION = YES;
				CLANG_WARN_INT_CONVERSION = YES;
				CLANG_WARN_NON_LITERAL_NULL_CONVERSION = YES;
				CLANG_WARN_OBJC_IMPLICIT_RETAIN_SELF = YES;
				CLANG_WARN_OBJC_LITERAL_CONVERSION = YES;
				CLANG_WARN_OBJC_ROOT_CLASS = YES_ERROR;
				CLANG_WARN_QUOTED_INCLUDE_IN_FRAMEWORK_HEADER = YES;
				CLANG_WARN_RANGE_LOOP_ANALYSIS = YES;
				CLANG_WARN_STRICT_PROTOTYPES = YES;
				CLANG_WARN_SUSPICIOUS_MOVE = YES;
				CLANG_WARN_UNGUARDED_AVAILABILITY = YES_AGGRESSIVE;
				CLANG_WARN_UNREACHABLE_CODE = YES;
				CLANG_WARN__DUPLICATE_METHOD_MATCH = YES;
				COPY_PHASE_STRIP = NO;
				DEBUG_INFORMATION_FORMAT = "dwarf-with-dsym";
				ENABLE_NS_ASSERTIONS = NO;
				ENABLE_STRICT_OBJC_MSGSEND = YES;
				ENABLE_USER_SCRIPT_SANDBOXING = YES;
				GCC_C_LANGUAGE_STANDARD = gnu17;
				GCC_NO_COMMON_BLOCKS = YES;
				GCC_WARN_64_TO_32_BIT_CONVERSION = YES;
				GCC_WARN_ABOUT_RETURN_TYPE = YES_ERROR;
				GCC_WARN_UNDECLARED_SELECTOR = YES;
				GCC_WARN_UNINITIALIZED_AUTOS = YES_AGGRESSIVE;
				GCC_WARN_UNUSED_FUNCTION = YES;
				GCC_WARN_UNUSED_VARIABLE = YES;
				IPHONEOS_DEPLOYMENT_TARGET = 18.0;
				LOCALIZATION_PREFERS_STRING_CATALOGS = YES;
				MTL_ENABLE_DEBUG_INFO = NO;
				MTL_FAST_MATH = YES;
				SDKROOT = iphoneos;
				SWIFT_COMPILATION_MODE = wholemodule;
				VALIDATE_PRODUCT = YES;
			};
			name = Release;
		};
		DBE4C1912C66890000FAA6AC /* Debug */ = {
			isa = XCBuildConfiguration;
			buildSettings = {
				ASSETCATALOG_COMPILER_APPICON_NAME = AppIcon;
				ASSETCATALOG_COMPILER_GLOBAL_ACCENT_COLOR_NAME = AccentColor;
				CODE_SIGN_STYLE = Automatic;
				CURRENT_PROJECT_VERSION = 1;
				DEVELOPMENT_ASSET_PATHS = "\"ARKit_discovery/Preview Content\"";
				DEVELOPMENT_TEAM = LK2358MPL8;
				ENABLE_PREVIEWS = YES;
				GENERATE_INFOPLIST_FILE = YES;
				INFOPLIST_KEY_NSCameraUsageDescription = "Needed to show AR View.";
				INFOPLIST_KEY_UIApplicationSceneManifest_Generation = YES;
				INFOPLIST_KEY_UIApplicationSupportsIndirectInputEvents = YES;
				INFOPLIST_KEY_UILaunchScreen_Generation = YES;
				INFOPLIST_KEY_UISupportedInterfaceOrientations_iPad = "UIInterfaceOrientationPortrait UIInterfaceOrientationPortraitUpsideDown UIInterfaceOrientationLandscapeLeft UIInterfaceOrientationLandscapeRight";
				INFOPLIST_KEY_UISupportedInterfaceOrientations_iPhone = "UIInterfaceOrientationPortrait UIInterfaceOrientationLandscapeLeft UIInterfaceOrientationLandscapeRight";
				IPHONEOS_DEPLOYMENT_TARGET = 18.0;
				LD_RUNPATH_SEARCH_PATHS = (
					"$(inherited)",
					"@executable_path/Frameworks",
				);
				MARKETING_VERSION = 1.0;
				PRODUCT_BUNDLE_IDENTIFIER = "fr.mathieu-dubart.ARKit-discovery";
				PRODUCT_NAME = "$(TARGET_NAME)";
				SWIFT_EMIT_LOC_STRINGS = YES;
				SWIFT_VERSION = 5.0;
				TARGETED_DEVICE_FAMILY = "1,2";
			};
			name = Debug;
		};
		DBE4C1922C66890000FAA6AC /* Release */ = {
			isa = XCBuildConfiguration;
			buildSettings = {
				ASSETCATALOG_COMPILER_APPICON_NAME = AppIcon;
				ASSETCATALOG_COMPILER_GLOBAL_ACCENT_COLOR_NAME = AccentColor;
				CODE_SIGN_STYLE = Automatic;
				CURRENT_PROJECT_VERSION = 1;
				DEVELOPMENT_ASSET_PATHS = "\"ARKit_discovery/Preview Content\"";
				DEVELOPMENT_TEAM = LK2358MPL8;
				ENABLE_PREVIEWS = YES;
				GENERATE_INFOPLIST_FILE = YES;
				INFOPLIST_KEY_NSCameraUsageDescription = "Needed to show AR View.";
				INFOPLIST_KEY_UIApplicationSceneManifest_Generation = YES;
				INFOPLIST_KEY_UIApplicationSupportsIndirectInputEvents = YES;
				INFOPLIST_KEY_UILaunchScreen_Generation = YES;
				INFOPLIST_KEY_UISupportedInterfaceOrientations_iPad = "UIInterfaceOrientationPortrait UIInterfaceOrientationPortraitUpsideDown UIInterfaceOrientationLandscapeLeft UIInterfaceOrientationLandscapeRight";
				INFOPLIST_KEY_UISupportedInterfaceOrientations_iPhone = "UIInterfaceOrientationPortrait UIInterfaceOrientationLandscapeLeft UIInterfaceOrientationLandscapeRight";
				IPHONEOS_DEPLOYMENT_TARGET = 18.0;
				LD_RUNPATH_SEARCH_PATHS = (
					"$(inherited)",
					"@executable_path/Frameworks",
				);
				MARKETING_VERSION = 1.0;
				PRODUCT_BUNDLE_IDENTIFIER = "fr.mathieu-dubart.ARKit-discovery";
				PRODUCT_NAME = "$(TARGET_NAME)";
				SWIFT_EMIT_LOC_STRINGS = YES;
				SWIFT_VERSION = 5.0;
				TARGETED_DEVICE_FAMILY = "1,2";
			};
			name = Release;
		};
		DBE4C1942C66890000FAA6AC /* Debug */ = {
			isa = XCBuildConfiguration;
			buildSettings = {
				BUNDLE_LOADER = "$(TEST_HOST)";
				CODE_SIGN_STYLE = Automatic;
				CURRENT_PROJECT_VERSION = 1;
				DEVELOPMENT_TEAM = LK2358MPL8;
				GENERATE_INFOPLIST_FILE = YES;
				IPHONEOS_DEPLOYMENT_TARGET = 18.0;
				MARKETING_VERSION = 1.0;
				PRODUCT_BUNDLE_IDENTIFIER = "fr.mathieu-dubart.ARKit-discoveryTests";
				PRODUCT_NAME = "$(TARGET_NAME)";
				SWIFT_EMIT_LOC_STRINGS = NO;
				SWIFT_VERSION = 5.0;
				TARGETED_DEVICE_FAMILY = "1,2";
				TEST_HOST = "$(BUILT_PRODUCTS_DIR)/ARKit_discovery.app/$(BUNDLE_EXECUTABLE_FOLDER_PATH)/ARKit_discovery";
			};
			name = Debug;
		};
		DBE4C1952C66890000FAA6AC /* Release */ = {
			isa = XCBuildConfiguration;
			buildSettings = {
				BUNDLE_LOADER = "$(TEST_HOST)";
				CODE_SIGN_STYLE = Automatic;
				CURRENT_PROJECT_VERSION = 1;
				DEVELOPMENT_TEAM = LK2358MPL8;
				GENERATE_INFOPLIST_FILE = YES;
				IPHONEOS_DEPLOYMENT_TARGET = 18.0;
				MARKETING_VERSION = 1.0;
				PRODUCT_BUNDLE_IDENTIFIER = "fr.mathieu-dubart.ARKit-discoveryTests";
				PRODUCT_NAME = "$(TARGET_NAME)";
				SWIFT_EMIT_LOC_STRINGS = NO;
				SWIFT_VERSION = 5.0;
				TARGETED_DEVICE_FAMILY = "1,2";
				TEST_HOST = "$(BUILT_PRODUCTS_DIR)/ARKit_discovery.app/$(BUNDLE_EXECUTABLE_FOLDER_PATH)/ARKit_discovery";
			};
			name = Release;
		};
		DBE4C1972C66890000FAA6AC /* Debug */ = {
			isa = XCBuildConfiguration;
			buildSettings = {
				CODE_SIGN_STYLE = Automatic;
				CURRENT_PROJECT_VERSION = 1;
				DEVELOPMENT_TEAM = LK2358MPL8;
				GENERATE_INFOPLIST_FILE = YES;
				MARKETING_VERSION = 1.0;
				PRODUCT_BUNDLE_IDENTIFIER = "fr.mathieu-dubart.ARKit-discoveryUITests";
				PRODUCT_NAME = "$(TARGET_NAME)";
				SWIFT_EMIT_LOC_STRINGS = NO;
				SWIFT_VERSION = 5.0;
				TARGETED_DEVICE_FAMILY = "1,2";
				TEST_TARGET_NAME = ARKit_discovery;
			};
			name = Debug;
		};
		DBE4C1982C66890000FAA6AC /* Release */ = {
			isa = XCBuildConfiguration;
			buildSettings = {
				CODE_SIGN_STYLE = Automatic;
				CURRENT_PROJECT_VERSION = 1;
				DEVELOPMENT_TEAM = LK2358MPL8;
				GENERATE_INFOPLIST_FILE = YES;
				MARKETING_VERSION = 1.0;
				PRODUCT_BUNDLE_IDENTIFIER = "fr.mathieu-dubart.ARKit-discoveryUITests";
				PRODUCT_NAME = "$(TARGET_NAME)";
				SWIFT_EMIT_LOC_STRINGS = NO;
				SWIFT_VERSION = 5.0;
				TARGETED_DEVICE_FAMILY = "1,2";
				TEST_TARGET_NAME = ARKit_discovery;
			};
			name = Release;
		};
/* End XCBuildConfiguration section */

/* Begin XCConfigurationList section */
		DBE4C1672C6688FE00FAA6AC /* Build configuration list for PBXProject "ARKit_discovery" */ = {
			isa = XCConfigurationList;
			buildConfigurations = (
				DBE4C18E2C66890000FAA6AC /* Debug */,
				DBE4C18F2C66890000FAA6AC /* Release */,
			);
			defaultConfigurationIsVisible = 0;
			defaultConfigurationName = Release;
		};
		DBE4C1902C66890000FAA6AC /* Build configuration list for PBXNativeTarget "ARKit_discovery" */ = {
			isa = XCConfigurationList;
			buildConfigurations = (
				DBE4C1912C66890000FAA6AC /* Debug */,
				DBE4C1922C66890000FAA6AC /* Release */,
			);
			defaultConfigurationIsVisible = 0;
			defaultConfigurationName = Release;
		};
		DBE4C1932C66890000FAA6AC /* Build configuration list for PBXNativeTarget "ARKit_discoveryTests" */ = {
			isa = XCConfigurationList;
			buildConfigurations = (
				DBE4C1942C66890000FAA6AC /* Debug */,
				DBE4C1952C66890000FAA6AC /* Release */,
			);
			defaultConfigurationIsVisible = 0;
			defaultConfigurationName = Release;
		};
		DBE4C1962C66890000FAA6AC /* Build configuration list for PBXNativeTarget "ARKit_discoveryUITests" */ = {
			isa = XCConfigurationList;
			buildConfigurations = (
				DBE4C1972C66890000FAA6AC /* Debug */,
				DBE4C1982C66890000FAA6AC /* Release */,
			);
			defaultConfigurationIsVisible = 0;
			defaultConfigurationName = Release;
		};
/* End XCConfigurationList section */
	};
	rootObject = DBE4C1642C6688FE00FAA6AC /* Project object */;
}
